
Microsoft Visual Studio Solution File, Format Version 12.00
# Visual Studio Version 17
VisualStudioVersion = 17.14.36310.24 d17.14
MinimumVisualStudioVersion = 10.0.40219.1
Project("{2150E333-8FDC-42A3-9474-1A3956D46DE8}") = "Solution Items", "Solution Items", "{8EC462FD-D22E-90A8-E5CE-7E832BA40C5D}"
	ProjectSection(SolutionItems) = preProject
		.gitignore = .gitignore
		LICENSE = LICENSE
		README.md = README.md
	EndProjectSection
EndProject
Project("{2150E333-8FDC-42A3-9474-1A3956D46DE8}") = ".github", ".github", "{02EA681E-C7D8-13C7-8484-4AC65E1B71E8}"
	ProjectSection(SolutionItems) = preProject
		.github\pull_request_template.md = .github\pull_request_template.md
	EndProjectSection
EndProject
Project("{2150E333-8FDC-42A3-9474-1A3956D46DE8}") = "docs", "docs", "{A6BD9AE6-8C9B-4B77-8BCA-7FA0900A1A93}"
	ProjectSection(SolutionItems) = preProject
		docs\01_visao_geral.md = docs\01_visao_geral.md
		docs\02_escopo.md = docs\02_escopo.md
		docs\03_requisitos.md = docs\03_requisitos.md
		docs\06_arquitetura.md = docs\06_arquitetura.md
		docs\07_apis.md = docs\07_apis.md
		docs\10_regras_negocio.md = docs\10_regras_negocio.md
		docs\index.md = docs\index.md
		docs\_config.yml = docs\_config.yml
	EndProjectSection
EndProject
Project("{2150E333-8FDC-42A3-9474-1A3956D46DE8}") = "src", "src", "{6CFCACB9-B131-4C67-9628-3396F2A17F0E}"
EndProject
Project("{2150E333-8FDC-42A3-9474-1A3956D46DE8}") = "tests", "tests", "{429975FD-461E-4A2B-8729-DD1BEF242A8F}"
EndProject
Project("{2150E333-8FDC-42A3-9474-1A3956D46DE8}") = "02-Domain", "02-Domain", "{01632058-D7E3-46C1-B40E-BD527DACD5EE}"
EndProject
Project("{2150E333-8FDC-42A3-9474-1A3956D46DE8}") = "01-Presentation", "01-Presentation", "{CD560338-54B0-4869-AA2B-6781A9D66DF0}"
EndProject
Project("{2150E333-8FDC-42A3-9474-1A3956D46DE8}") = "03-Infra", "03-Infra", "{D1601415-A7E8-4BA5-804A-170308E867C0}"
EndProject
Project("{2150E333-8FDC-42A3-9474-1A3956D46DE8}") = "03.1-Databae", "03.1-Databae", "{EF16D1D3-2E73-491E-9DEF-0D8479B46463}"
EndProject
Project("{2150E333-8FDC-42A3-9474-1A3956D46DE8}") = "03.2-Crosscutting", "03.2-Crosscutting", "{2838C585-812D-44DE-A05D-5B35A50985F5}"
EndProject
Project("{FAE04EC0-301F-11D3-BF4B-00C04F79EFBC}") = "EnzoKey.Domain.Contracts", "src\EnzoKey.Domain.Contracts\EnzoKey.Domain.Contracts.csproj", "{2CE0DEF5-A2A1-4EE7-A472-5B78E7381DC7}"
EndProject
Project("{FAE04EC0-301F-11D3-BF4B-00C04F79EFBC}") = "EnzoKey.Database.SqLite", "src\EnzoKey.Database.SqLite\EnzoKey.Database.SqLite.csproj", "{88883CB6-74E9-4BD9-B465-9BD72F936ED6}"
EndProject
Project("{2150E333-8FDC-42A3-9474-1A3956D46DE8}") = "01-Presentation", "01-Presentation", "{A03D3A6B-FABA-4ADC-A8B5-5D347C78C8B8}"
EndProject
Project("{2150E333-8FDC-42A3-9474-1A3956D46DE8}") = "02-Domain", "02-Domain", "{933C6FAE-3F93-47CD-B8A1-54560C5B6CC9}"
EndProject
Project("{2150E333-8FDC-42A3-9474-1A3956D46DE8}") = "03-Infra", "03-Infra", "{3079D0EB-4B7B-4FC1-86BB-B9E447126839}"
EndProject
Project("{2150E333-8FDC-42A3-9474-1A3956D46DE8}") = "03.1-Database", "03.1-Database", "{93D9EC07-861F-4E0A-B760-2FCDEB9A192B}"
EndProject
Project("{2150E333-8FDC-42A3-9474-1A3956D46DE8}") = "03.2-Crosscutting", "03.2-Crosscutting", "{AB41FF8B-33D6-4423-BC10-B78A8F1FEEEA}"
EndProject
Project("{FAE04EC0-301F-11D3-BF4B-00C04F79EFBC}") = "EnzoKey.Database.SqLite.Test", "tests\EnzoKey.Database.SqLite.Test\EnzoKey.Database.SqLite.Test.csproj", "{87E92544-E167-493A-A08E-39F9D55AE4A5}"
EndProject
Global
	GlobalSection(SolutionConfigurationPlatforms) = preSolution
		Debug|Any CPU = Debug|Any CPU
		Release|Any CPU = Release|Any CPU
	EndGlobalSection
	GlobalSection(ProjectConfigurationPlatforms) = postSolution
		{2CE0DEF5-A2A1-4EE7-A472-5B78E7381DC7}.Debug|Any CPU.ActiveCfg = Debug|Any CPU
		{2CE0DEF5-A2A1-4EE7-A472-5B78E7381DC7}.Debug|Any CPU.Build.0 = Debug|Any CPU
		{2CE0DEF5-A2A1-4EE7-A472-5B78E7381DC7}.Release|Any CPU.ActiveCfg = Release|Any CPU
		{2CE0DEF5-A2A1-4EE7-A472-5B78E7381DC7}.Release|Any CPU.Build.0 = Release|Any CPU
		{88883CB6-74E9-4BD9-B465-9BD72F936ED6}.Debug|Any CPU.ActiveCfg = Debug|Any CPU
		{88883CB6-74E9-4BD9-B465-9BD72F936ED6}.Debug|Any CPU.Build.0 = Debug|Any CPU
		{88883CB6-74E9-4BD9-B465-9BD72F936ED6}.Release|Any CPU.ActiveCfg = Release|Any CPU
		{88883CB6-74E9-4BD9-B465-9BD72F936ED6}.Release|Any CPU.Build.0 = Release|Any CPU
		{87E92544-E167-493A-A08E-39F9D55AE4A5}.Debug|Any CPU.ActiveCfg = Debug|Any CPU
		{87E92544-E167-493A-A08E-39F9D55AE4A5}.Debug|Any CPU.Build.0 = Debug|Any CPU
		{87E92544-E167-493A-A08E-39F9D55AE4A5}.Release|Any CPU.ActiveCfg = Release|Any CPU
		{87E92544-E167-493A-A08E-39F9D55AE4A5}.Release|Any CPU.Build.0 = Release|Any CPU
	EndGlobalSection
	GlobalSection(SolutionProperties) = preSolution
		HideSolutionNode = FALSE
	EndGlobalSection
	GlobalSection(NestedProjects) = preSolution
		{01632058-D7E3-46C1-B40E-BD527DACD5EE} = {6CFCACB9-B131-4C67-9628-3396F2A17F0E}
		{CD560338-54B0-4869-AA2B-6781A9D66DF0} = {6CFCACB9-B131-4C67-9628-3396F2A17F0E}
		{D1601415-A7E8-4BA5-804A-170308E867C0} = {6CFCACB9-B131-4C67-9628-3396F2A17F0E}
		{EF16D1D3-2E73-491E-9DEF-0D8479B46463} = {D1601415-A7E8-4BA5-804A-170308E867C0}
		{2838C585-812D-44DE-A05D-5B35A50985F5} = {D1601415-A7E8-4BA5-804A-170308E867C0}
		{2CE0DEF5-A2A1-4EE7-A472-5B78E7381DC7} = {01632058-D7E3-46C1-B40E-BD527DACD5EE}
		{88883CB6-74E9-4BD9-B465-9BD72F936ED6} = {EF16D1D3-2E73-491E-9DEF-0D8479B46463}
		{A03D3A6B-FABA-4ADC-A8B5-5D347C78C8B8} = {429975FD-461E-4A2B-8729-DD1BEF242A8F}
		{933C6FAE-3F93-47CD-B8A1-54560C5B6CC9} = {429975FD-461E-4A2B-8729-DD1BEF242A8F}
		{3079D0EB-4B7B-4FC1-86BB-B9E447126839} = {429975FD-461E-4A2B-8729-DD1BEF242A8F}
		{93D9EC07-861F-4E0A-B760-2FCDEB9A192B} = {3079D0EB-4B7B-4FC1-86BB-B9E447126839}
		{AB41FF8B-33D6-4423-BC10-B78A8F1FEEEA} = {3079D0EB-4B7B-4FC1-86BB-B9E447126839}
		{87E92544-E167-493A-A08E-39F9D55AE4A5} = {93D9EC07-861F-4E0A-B760-2FCDEB9A192B}
	EndGlobalSection
	GlobalSection(ExtensibilityGlobals) = postSolution
		SolutionGuid = {21F4BEB9-0711-4C24-A3C9-C8AB5BA56270}
	EndGlobalSection
EndGlobal
